{"SurveyEntry":{"SurveyID":"SV_3BLhpFtXpdWbJt4","SurveyName":"Qualtrics Linguistics Experiment Tutorial","SurveyDescription":null,"SurveyOwnerID":"UR_0Te22c6VZEwSrOZ","SurveyBrandID":"ucsb","DivisionID":null,"SurveyLanguage":"EN","SurveyActiveResponseSet":"RS_6M5Pip8tJa5qEDk","SurveyStatus":"Active","SurveyStartDate":"0000-00-00 00:00:00","SurveyExpirationDate":"0000-00-00 00:00:00","SurveyCreationDate":"2022-03-01 10:33:23","CreatorID":"UR_0Te22c6VZEwSrOZ","LastModified":"2022-03-08 06:44:42","LastAccessed":"0000-00-00 00:00:00","LastActivated":"2022-03-08 06:15:56","Deleted":null},"SurveyElements":[{"SurveyID":"SV_3BLhpFtXpdWbJt4","Element":"BL","PrimaryAttribute":"Survey Blocks","SecondaryAttribute":null,"TertiaryAttribute":null,"Payload":{"0":{"Type":"Default","Description":"Intro Block","ID":"BL_3fUyoJdPydqc91A","BlockElements":[{"Type":"Question","QuestionID":"QID1"},{"Type":"Question","QuestionID":"QID2"},{"Type":"Question","QuestionID":"QID3"},{"Type":"Question","QuestionID":"QID4"},{"Type":"Question","QuestionID":"QID5"},{"Type":"Question","QuestionID":"QID6"},{"Type":"Question","QuestionID":"QID13"},{"Type":"Question","QuestionID":"QID7"}],"Options":{"BlockLocking":"false","RandomizeQuestions":"false","BlockVisibility":"Collapsed"}},"1":{"Type":"Trash","Description":"Trash \/ Unused Questions","ID":"BL_bm6Utp0ufDiwrUG","BlockElements":[{"Type":"Question","QuestionID":"QID8"},{"Type":"Question","QuestionID":"QID16"},{"Type":"Question","QuestionID":"QID17"},{"Type":"Question","QuestionID":"QID31"}]},"2":{"Type":"Standard","SubType":"","Description":"Screening","ID":"BL_81fNjMCF3nTN7My","Options":{"BlockLocking":"false","RandomizeQuestions":"false","BlockVisibility":"Collapsed"},"BlockElements":[{"Type":"Question","QuestionID":"QID14","SkipLogic":[{"SkipLogicID":2,"ChoiceLocator":"q:\/\/QID14\/SelectableChoice\/2","Condition":"NotSelected","SkipToDestination":"ENDOFSURVEY","Locator":"q:\/\/QID14\/SelectableChoice\/2","SkipToDescription":"In many experiments, we may... <strong>2<\/strong>  <strong>Is Not Selected<\/strong>","Description":"Condition: <strong title=\"2\">2<\/strong> <strong>Is Not Selected<\/strong>. Skip To: <strong>End of Survey<\/strong>.","QuestionID":"QID14"}]},{"Type":"Question","QuestionID":"QID9"},{"Type":"Question","QuestionID":"QID10"},{"Type":"Question","QuestionID":"QID11"},{"Type":"Question","QuestionID":"QID12"}]},"3":{"Type":"Standard","SubType":"","Description":"Maths Block 1","ID":"BL_38CZVZ4NifEES7Y","BlockElements":[{"Type":"Question","QuestionID":"QID15"},{"Type":"Question","QuestionID":"QID18"},{"Type":"Question","QuestionID":"QID19"},{"Type":"Question","QuestionID":"QID21"},{"Type":"Question","QuestionID":"QID20"},{"Type":"Question","QuestionID":"QID22"},{"Type":"Question","QuestionID":"QID23"},{"Type":"Question","QuestionID":"QID24"}],"Options":{"BlockLocking":"false","RandomizeQuestions":"Advanced","BlockVisibility":"Expanded","Randomization":{"Advanced":{"FixedOrder":["QID15","QID24","{~Randomized~}","QID21","{~Randomized~}","QID22","{~Randomized~}","QID18"],"RandomizeAll":["QID19","QID20","QID23"],"RandomSubSet":[],"Undisplayed":[],"TotalRandSubset":0,"QuestionsPerPage":"2"},"EvenPresentation":false}}},"5":{"Type":"Standard","SubType":"","Description":"Block 4","ID":"BL_395erlHM4bghfQW","BlockElements":[{"Type":"Question","QuestionID":"QID33"},{"Type":"Question","QuestionID":"QID34"}]},"6":{"Type":"Standard","SubType":"","Description":"Maths Block 2","ID":"BL_3giT06pfMoRJuya","BlockElements":[{"Type":"Question","QuestionID":"QID25"},{"Type":"Question","QuestionID":"QID26"},{"Type":"Question","QuestionID":"QID27"},{"Type":"Question","QuestionID":"QID28"},{"Type":"Question","QuestionID":"QID29"},{"Type":"Question","QuestionID":"QID30"},{"Type":"Question","QuestionID":"QID32"}],"Options":{"BlockLocking":false,"RandomizeQuestions":"Advanced","BlockVisibility":"Expanded","Randomization":{"Advanced":{"FixedOrder":["QID25","QID28","{~SubSet~}","QID26","{~SubSet~}","QID30"],"RandomizeAll":[],"RandomSubSet":["QID29","QID32","QID27"],"Undisplayed":[],"TotalRandSubset":2,"QuestionsPerPage":"2"},"EvenPresentation":false}}},"7":{"Type":"Standard","SubType":"","Description":"L&M 1","ID":"BL_5o5ii3nZno0p4Ym","BlockElements":[{"Type":"Question","QuestionID":"QID35"}],"Options":{"BlockLocking":"false","RandomizeQuestions":"false","Looping":"Static","LoopingOptions":{"Static":{"1":{"1":"Chris","2":"the book","3":"Pat"},"2":{"1":"The teacher","2":"the pencil","3":"the student"},"3":{"1":"The police officer","2":"the ticket","3":"driver"},"4":{"1":"The pastor","2":"the notebook","3":"the detective"},"5":{"1":"The nurse","2":"the syringe","3":"the doctor"}},"Randomization":"All"}}},"8":{"Type":"Standard","SubType":"","Description":"L&M 2","ID":"BL_4YFwhmrg60azMP4","BlockElements":[{"Type":"Question","QuestionID":"QID36"}],"Options":{"BlockLocking":false,"RandomizeQuestions":"false","Looping":"Static","LoopingOptions":{"Static":{"1":{"1":"Chris","2":"the book","3":"Pat"},"2":{"1":"The teacher","2":"the pencil","3":"the student"},"3":{"1":"The police officer","2":"the ticket","3":"driver"},"4":{"1":"The pastor","2":"the notebook","3":"the detective"},"5":{"1":"The nurse","2":"the syringe","3":"the doctor"}},"Randomization":"All"}}},"9":{"Type":"Standard","SubType":"","Description":"Block 7","ID":"BL_6WLe7ESx1DupXtY","BlockElements":[{"Type":"Question","QuestionID":"QID37"},{"Type":"Question","QuestionID":"QID38"},{"Type":"Question","QuestionID":"QID39"},{"Type":"Question","QuestionID":"QID40"},{"Type":"Question","QuestionID":"QID41"}]}}},{"SurveyID":"SV_3BLhpFtXpdWbJt4","Element":"FL","PrimaryAttribute":"Survey Flow","SecondaryAttribute":null,"TertiaryAttribute":null,"Payload":{"Type":"Root","FlowID":"FL_1","Flow":[{"Type":"Block","ID":"BL_3fUyoJdPydqc91A","FlowID":"FL_2","Autofill":[]},{"Type":"Standard","ID":"BL_81fNjMCF3nTN7My","FlowID":"FL_3","Autofill":[]},{"Type":"EmbeddedData","FlowID":"FL_6","EmbeddedData":[{"Description":"score","Type":"Custom","Field":"score","VariableType":"String","DataVisibility":[],"AnalyzeText":false,"Value":"${gr:\/\/SC_86V1ywexukv2IFE\/Score}"},{"Description":"cond","Type":"Recipient","Field":"cond","VariableType":"String","DataVisibility":[],"AnalyzeText":false},{"Description":"Create New Field or Choose From Dropdown...","Type":"Recipient","Field":"Create New Field or Choose From Dropdown...","VariableType":"String","DataVisibility":[],"AnalyzeText":false}]},{"Type":"Branch","FlowID":"FL_4","Description":"New Branch","BranchLogic":{"0":{"0":{"LogicType":"EmbeddedField","LeftOperand":"score","Operator":"LessThan","RightOperand":"2","_HiddenExpression":false,"Type":"Expression","Description":"<span class=\"ConjDesc\">If<\/span>  <span class=\"LeftOpDesc\">score<\/span> <span class=\"OpDesc\">Is Less Than<\/span> <span class=\"RightOpDesc\"> 2 <\/span>"},"Type":"If"},"Type":"BooleanExpression"},"Flow":[{"Type":"EndSurvey","FlowID":"FL_7","EndingType":"Advanced","Options":{"Advanced":"true","SurveyTermination":"DisplayMessage","EOSMessageLibrary":"UR_0Te22c6VZEwSrOZ","EOSMessage":"MS_b9qNBKxohGbZmVU"}}]},{"Type":"BlockRandomizer","FlowID":"FL_12","SubSet":1,"EvenPresentation":true,"Flow":[{"Type":"Standard","ID":"BL_38CZVZ4NifEES7Y","FlowID":"FL_8","Autofill":[]},{"Type":"Standard","ID":"BL_3giT06pfMoRJuya","FlowID":"FL_11","Autofill":[]}]},{"Type":"Branch","FlowID":"FL_17","Description":"New Branch","BranchLogic":{"0":{"0":{"LogicType":"EmbeddedField","LeftOperand":"cond","Operator":"EqualTo","RightOperand":"A","_HiddenExpression":false,"Type":"Expression","Description":"<span class=\"ConjDesc\">If<\/span>  <span class=\"LeftOpDesc\">cond<\/span> <span class=\"OpDesc\">Is Equal to<\/span> <span class=\"RightOpDesc\"> A <\/span>"},"Type":"If"},"Type":"BooleanExpression"},"Flow":[{"Type":"Standard","ID":"BL_5o5ii3nZno0p4Ym","FlowID":"FL_13","Autofill":[]}]},{"Type":"Branch","FlowID":"FL_18","Description":"New Branch","BranchLogic":{"0":{"0":{"LogicType":"EmbeddedField","LeftOperand":"cond","Operator":"EqualTo","RightOperand":"B","_HiddenExpression":false,"Type":"Expression","Description":"<span class=\"ConjDesc\">If<\/span>  <span class=\"LeftOpDesc\">cond<\/span> <span class=\"OpDesc\">Is Equal to<\/span> <span class=\"RightOpDesc\"> B <\/span>"},"Type":"If"},"Type":"BooleanExpression"},"Flow":[{"Type":"Standard","ID":"BL_4YFwhmrg60azMP4","FlowID":"FL_14","Autofill":[]}]},{"Type":"Block","ID":"BL_395erlHM4bghfQW","FlowID":"FL_15","Autofill":[]},{"Type":"Standard","ID":"BL_6WLe7ESx1DupXtY","FlowID":"FL_16","Autofill":[]},{"Type":"EmbeddedData","FlowID":"FL_19","EmbeddedData":[{"Description":"mturkID","Type":"Custom","Field":"mturkID","VariableType":"String","DataVisibility":[],"AnalyzeText":false,"Value":"${rand:\/\/int\/0:999999999}"},{"Description":"Create New Field or Choose From Dropdown...","Type":"Recipient","Field":"Create New Field or Choose From Dropdown...","VariableType":"String","DataVisibility":[],"AnalyzeText":false}]},{"Type":"EndSurvey","FlowID":"FL_20","EndingType":"Advanced","Options":{"Advanced":"true","SurveyTermination":"DisplayMessage","EOSMessageLibrary":"UR_0Te22c6VZEwSrOZ","EOSMessage":"MS_bCUzDoEHlKSaVKe"}}],"Properties":{"Count":20,"RemovedFieldsets":[]}}},{"SurveyID":"SV_3BLhpFtXpdWbJt4","Element":"SO","PrimaryAttribute":"Survey Options","SecondaryAttribute":null,"TertiaryAttribute":null,"Payload":{"BackButton":"false","SaveAndContinue":"true","SurveyProtection":"PublicSurvey","BallotBoxStuffingPrevention":"false","NoIndex":"Yes","SecureResponseFiles":"true","SurveyExpiration":"None","SurveyTermination":"DisplayMessage","Header":"","Footer":"","ProgressBarDisplay":"None","PartialData":"+1 week","ValidationMessage":null,"PreviousButton":"","NextButton":"","SurveyTitle":"Qualtrics Survey | Qualtrics Experience Management","SkinLibrary":"ucsb","SkinType":"MQ","Skin":"ucsb_1","NewScoring":1,"EOSMessage":"MS_bCUzDoEHlKSaVKe","ShowExportTags":"false","CollectGeoLocation":"false","SurveyMetaDescription":"The most powerful, simple and trusted way to gather experience data. Start your journey to experience management and try a free account today.","PasswordProtection":"No","AnonymizeResponse":"Yes","RefererCheck":"No","UseCustomSurveyLinkCompletedMessage":null,"SurveyLinkCompletedMessage":null,"SurveyLinkCompletedMessageLibrary":null,"ResponseSummary":"No","EOSMessageLibrary":"UR_0Te22c6VZEwSrOZ","EOSRedirectURL":"http:\/\/","EmailThankYou":"false","ThankYouEmailMessageLibrary":null,"ThankYouEmailMessage":null,"ValidateMessage":"false","ValidationMessageLibrary":null,"InactiveSurvey":"DefaultMessage","PartialDeletion":null,"PartialDataCloseAfter":"LastActivity","InactiveMessageLibrary":null,"InactiveMessage":null,"AvailableLanguages":{"EN":[]},"QuestionsPerPage":"1","SurveyName":"Qualtrics Linguistics Experiment Tutorial","ProtectSelectionIds":true}},{"SurveyID":"SV_3BLhpFtXpdWbJt4","Element":"SCO","PrimaryAttribute":"Scoring","SecondaryAttribute":null,"TertiaryAttribute":null,"Payload":{"ScoringCategories":[{"ID":"SC_86V1ywexukv2IFE","Name":"Score","Description":""}],"ScoringCategoryGroups":[],"DefaultScoringCategory":"SC_86V1ywexukv2IFE","ScoringSummaryCategory":null,"ScoringSummaryAfterQuestions":0,"ScoringSummaryAfterSurvey":0,"AutoScoringCategory":null}},{"SurveyID":"SV_3BLhpFtXpdWbJt4","Element":"PROJ","PrimaryAttribute":"CORE","SecondaryAttribute":null,"TertiaryAttribute":"1.1.0","Payload":{"ProjectCategory":"CORE","SchemaVersion":"1.1.0"}},{"SurveyID":"SV_3BLhpFtXpdWbJt4","Element":"STAT","PrimaryAttribute":"Survey Statistics","SecondaryAttribute":null,"TertiaryAttribute":null,"Payload":{"MobileCompatible":true,"ID":"Survey Statistics"}},{"SurveyID":"SV_3BLhpFtXpdWbJt4","Element":"SQ","PrimaryAttribute":"QID32","SecondaryAttribute":"-41 x 20 = ?","TertiaryAttribute":null,"Payload":{"QuestionText":"-41 x 20 = ?","QuestionType":"MC","Selector":"SAVR","SubSelector":"TX","DataVisibility":{"Private":false,"Hidden":false},"Configuration":{"QuestionDescriptionOption":"UseText"},"QuestionDescription":"-41 x 20 = ?","Choices":{"1":{"Display":"932"},"2":{"Display":"56"},"3":{"Display":"-820"}},"ChoiceOrder":[1,2,3],"Validation":{"Settings":{"ForceResponse":"OFF","Type":"None"}},"Language":[],"NextChoiceId":4,"NextAnswerId":1,"QuestionText_Unsafe":"7 x 8 = ?","DataExportTag":"Q32","QuestionID":"QID32"}},{"SurveyID":"SV_3BLhpFtXpdWbJt4","Element":"SQ","PrimaryAttribute":"QID19","SecondaryAttribute":"1 + 1 = ?","TertiaryAttribute":null,"Payload":{"QuestionText":"1 + 1 = ?","DataExportTag":"Maths-11-time","QuestionType":"MC","Selector":"SAVR","SubSelector":"TX","Configuration":{"QuestionDescriptionOption":"UseText"},"QuestionDescription":"1 + 1 = ?","Choices":{"1":{"Display":"2"},"2":{"Display":"3"},"3":{"Display":"4"}},"ChoiceOrder":["1","2","3"],"Validation":{"Settings":{"ForceResponse":"OFF","Type":"None"}},"Language":[],"NextChoiceId":4,"NextAnswerId":1,"QuestionID":"QID19"}},{"SurveyID":"SV_3BLhpFtXpdWbJt4","Element":"SQ","PrimaryAttribute":"QID27","SecondaryAttribute":"1 + 2 = ?","TertiaryAttribute":null,"Payload":{"QuestionText":"1 + 2 = ?","QuestionType":"MC","Selector":"SAVR","SubSelector":"TX","Configuration":{"QuestionDescriptionOption":"UseText"},"QuestionDescription":"1 + 2 = ?","Choices":{"1":{"Display":"2"},"2":{"Display":"3"},"3":{"Display":"4"}},"ChoiceOrder":["1","2","3"],"Validation":{"Settings":{"ForceResponse":"OFF","Type":"None"}},"Language":[],"NextChoiceId":4,"NextAnswerId":1,"QuestionText_Unsafe":"1 + 1 = ?","DataExportTag":"Q27","QuestionID":"QID27","DataVisibility":{"Private":false,"Hidden":false}}},{"SurveyID":"SV_3BLhpFtXpdWbJt4","Element":"SQ","PrimaryAttribute":"QID20","SecondaryAttribute":"3 + 5 = ?","TertiaryAttribute":null,"Payload":{"QuestionText":"3 + 5 = ?","DataExportTag":"Maths-3","QuestionType":"MC","Selector":"SAVR","SubSelector":"TX","Configuration":{"QuestionDescriptionOption":"UseText"},"QuestionDescription":"3 + 5 = ?","Choices":{"1":{"Display":"8"},"2":{"Display":"9"},"3":{"Display":"10"}},"ChoiceOrder":["1","2","3"],"Validation":{"Settings":{"ForceResponse":"OFF","Type":"None"}},"Language":[],"NextChoiceId":4,"NextAnswerId":1,"QuestionID":"QID20"}},{"SurveyID":"SV_3BLhpFtXpdWbJt4","Element":"SQ","PrimaryAttribute":"QID29","SecondaryAttribute":"3 + 6 = ?","TertiaryAttribute":null,"Payload":{"QuestionText":"3 + 6 = ?","QuestionType":"MC","Selector":"SAVR","SubSelector":"TX","Configuration":{"QuestionDescriptionOption":"UseText"},"QuestionDescription":"3 + 6 = ?","Choices":{"1":{"Display":"8"},"2":{"Display":"9"},"3":{"Display":"10"}},"ChoiceOrder":["1","2","3"],"Validation":{"Settings":{"ForceResponse":"OFF","Type":"None"}},"Language":[],"NextChoiceId":4,"NextAnswerId":1,"QuestionText_Unsafe":"3 + 5 = ?","DataExportTag":"Q29","QuestionID":"QID29","DataVisibility":{"Private":false,"Hidden":false}}},{"SurveyID":"SV_3BLhpFtXpdWbJt4","Element":"QC","PrimaryAttribute":"Survey Question Count","SecondaryAttribute":"41","TertiaryAttribute":null,"Payload":null},{"SurveyID":"SV_3BLhpFtXpdWbJt4","Element":"SQ","PrimaryAttribute":"QID23","SecondaryAttribute":"7 x 8 = ?","TertiaryAttribute":null,"Payload":{"QuestionText":"7 x 8 = ?","DataExportTag":"Maths-78","QuestionType":"MC","Selector":"SAVR","SubSelector":"TX","DataVisibility":{"Private":false,"Hidden":false},"Configuration":{"QuestionDescriptionOption":"UseText"},"QuestionDescription":"7 x 8 = ?","Choices":{"1":{"Display":"932"},"2":{"Display":"56"},"3":{"Display":"-820"}},"ChoiceOrder":[1,2,3],"Validation":{"Settings":{"ForceResponse":"OFF","Type":"None"}},"Language":[],"NextChoiceId":4,"NextAnswerId":1,"QuestionID":"QID23"}},{"SurveyID":"SV_3BLhpFtXpdWbJt4","Element":"SQ","PrimaryAttribute":"QID16","SecondaryAttribute":"Another type of element you can add to a question is timing.","TertiaryAttribute":null,"Payload":{"QuestionText":"Another type of element you can add to a question is timing.<div><br><\/div><div><br><\/div>","DataExportTag":"Q16","QuestionType":"MC","Selector":"SAVR","SubSelector":"TX","Configuration":{"QuestionDescriptionOption":"UseText"},"QuestionDescription":"Another type of element you can add to a question is timing.","Choices":{"1":{"Display":"Click to write Choice 1"},"2":{"Display":"Click to write Choice 2"},"3":{"Display":"Click to write Choice 3"}},"ChoiceOrder":["1","2","3"],"Validation":{"Settings":{"ForceResponse":"OFF","Type":"None"}},"Language":[],"NextChoiceId":4,"NextAnswerId":1,"QuestionID":"QID16"}},{"SurveyID":"SV_3BLhpFtXpdWbJt4","Element":"SQ","PrimaryAttribute":"QID8","SecondaryAttribute":"Click to write the question text","TertiaryAttribute":null,"Payload":{"QuestionText":"Click to write the question text","DataExportTag":"Q8","QuestionType":"MC","Selector":"SAVR","SubSelector":"TX","Configuration":{"QuestionDescriptionOption":"UseText"},"QuestionDescription":"Click to write the question text","Choices":{"1":{"Display":"Click to write Choice 1"},"2":{"Display":"Click to write Choice 2"},"3":{"Display":"Click to write Choice 3"}},"ChoiceOrder":["1","2","3"],"Validation":{"Settings":{"ForceResponse":"OFF","Type":"None"}},"Language":[],"NextChoiceId":4,"NextAnswerId":1,"QuestionID":"QID8"}},{"SurveyID":"SV_3BLhpFtXpdWbJt4","Element":"SQ","PrimaryAttribute":"QID17","SecondaryAttribute":"Click to write the question text","TertiaryAttribute":null,"Payload":{"QuestionText":"Click to write the question text","DataExportTag":"Q17","QuestionType":"MC","Selector":"SAVR","SubSelector":"TX","Configuration":{"QuestionDescriptionOption":"UseText"},"QuestionDescription":"Click to write the question text","Choices":{"1":{"Display":"Click to write Choice 1"},"2":{"Display":"Click to write Choice 2"},"3":{"Display":"Click to write Choice 3"}},"ChoiceOrder":["1","2","3"],"Validation":{"Settings":{"ForceResponse":"OFF","Type":"None"}},"Language":[],"NextChoiceId":4,"NextAnswerId":1,"QuestionID":"QID17"}},{"SurveyID":"SV_3BLhpFtXpdWbJt4","Element":"RS","PrimaryAttribute":"RS_6M5Pip8tJa5qEDk","SecondaryAttribute":"Default Response Set","TertiaryAttribute":null,"Payload":null},{"SurveyID":"SV_3BLhpFtXpdWbJt4","Element":"SQ","PrimaryAttribute":"QID3","SecondaryAttribute":"Different 'Question types' in Qualtrics correspond to different kinds of data that the user can i...","TertiaryAttribute":null,"Payload":{"QuestionText":"Different 'Question types' in Qualtrics correspond to different kinds of data that the user can input. Let's redo the previous trial, but as a sentence continuation task. Instead of 'Multiple choice', we can use the 'Text entry' input type.<div><br><\/div><div>'Once upon a time, there were three little pigs. The first little pig built a house of straw. One day, the big bad wolf came along.'<\/div><div><br><\/div><div>Write a sentence to continue the paragraph.<br><\/div>","DefaultChoices":false,"DataExportTag":"Q3","QuestionID":"QID3","QuestionType":"TE","Selector":"SL","Configuration":{"QuestionDescriptionOption":"UseText"},"QuestionDescription":"Different 'Question types' in Qualtrics correspond to different kinds of data that the user can i...","Validation":{"Settings":{"ForceResponse":"OFF","Type":"None"}},"GradingData":[],"Language":[],"NextChoiceId":4,"NextAnswerId":1,"SearchSource":{"AllowFreeResponse":"false"},"DataVisibility":{"Private":false,"Hidden":false}}},{"SurveyID":"SV_3BLhpFtXpdWbJt4","Element":"SQ","PrimaryAttribute":"QID40","SecondaryAttribute":"Do the survey once by yourself. Then Click on Data & Analytics Export & Import Export. Go to adva...","TertiaryAttribute":null,"Payload":{"QuestionText":"Do the survey once by yourself. Then Click on Data &amp; Analytics &gt; Export &amp; Import &gt; Export. Go to advanced settings, and turn on 'Export viewing order data for randomized surveys'. I also recommend 'Recode seen but unanswered questions as -99' and 'Use internal IDs in header' (this will allow the question IDs you've defined to show up in the CSV). Then download the CSV.\n<div>&nbsp;<\/div>\n\n<div>Qualtrics CSVs are a mess, and you usually have to edit it a bit before importing it into R or other programming environments.<\/div>\n\n<div>&nbsp;<\/div>\n\n<div>There are several things to notice:<\/div>\n\n<ul>\n\t<li>For Loop &amp; Merge questions, the column name is in the form of 1_QID, 2_QID, etc.<\/li>\n\t<li>Presentation order of questions is presented like this: Q1|Q3|Q5|Q2|Q9 etc<\/li><li><br><\/li>\n<\/ul>\nYou will probably notice that IP addresses are recorded. To disable this, go to Survey Options (the last icon on the leftmost bar) &gt; Security &gt; Anonymize responses.<div>&nbsp;<\/div>","DefaultChoices":false,"DataExportTag":"Q40","QuestionType":"DB","Selector":"TB","Configuration":{"QuestionDescriptionOption":"UseText"},"QuestionDescription":"Do the survey once by yourself. Then Click on Data & Analytics Export & Import Export. Go to adva...","ChoiceOrder":[],"Validation":{"Settings":{"Type":"None"}},"GradingData":[],"Language":[],"NextChoiceId":4,"NextAnswerId":1,"QuestionID":"QID40","DataVisibility":{"Private":false,"Hidden":false}}},{"SurveyID":"SV_3BLhpFtXpdWbJt4","Element":"SQ","PrimaryAttribute":"QID6","SecondaryAttribute":"Have you noticed that you can change the question IDs? This question is originally called Q6, but...","TertiaryAttribute":null,"Payload":{"QuestionText":"<div>Have you noticed that you can change the question IDs? This question is originally called Q6, but you can change it to something more meaningful. Since it's the second forced-choice question, you could call it 'FC2', and the first forced-choice question 'FC1'.<\/div><div><br><\/div>'Once upon a time, there were three little pigs. The first little pig built a house of straw. One day, the first little pig saw a big bad wolf.'","DataExportTag":"Q6","QuestionType":"MC","Selector":"SAVR","SubSelector":"TX","Configuration":{"QuestionDescriptionOption":"UseText"},"QuestionDescription":"Have you noticed that you can change the question IDs? This question is originally called Q6, but...","Choices":{"1":{"Display":"The big bad wolf destroyed the house of straw."},"2":{"Display":"The house of straw was destroyed by the big bad wolf."}},"ChoiceOrder":[1,2],"Validation":{"Settings":{"ForceResponse":"OFF","Type":"None"}},"Language":[],"NextChoiceId":3,"NextAnswerId":1,"QuestionID":"QID6","DataVisibility":{"Private":false,"Hidden":false}}},{"SurveyID":"SV_3BLhpFtXpdWbJt4","Element":"SQ","PrimaryAttribute":"QID1","SecondaryAttribute":"Hi! This is a guide to designing experiments in linguistics using Qualtrics.","TertiaryAttribute":null,"Payload":{"QuestionText":"<h4>Hi! This is a guide to designing experiments in linguistics using Qualtrics.<\/h4>","DefaultChoices":false,"DataExportTag":"Q1","QuestionID":"QID1","QuestionType":"DB","Selector":"TB","Configuration":{"QuestionDescriptionOption":"UseText"},"QuestionDescription":"Hi! This is a guide to designing experiments in linguistics using Qualtrics.","ChoiceOrder":[],"Validation":{"Settings":{"Type":"None"}},"GradingData":[],"Language":[],"NextChoiceId":4,"NextAnswerId":1}},{"SurveyID":"SV_3BLhpFtXpdWbJt4","Element":"SQ","PrimaryAttribute":"QID5","SecondaryAttribute":"If you're making a forced-choice task, you probably want to randomise the order of your choices....","TertiaryAttribute":null,"Payload":{"QuestionText":"If you're making a forced-choice task, you probably want to randomise the order of your choices. This is done using the 'Choice randomization' option on your left side. For this question, the order of the choices is randomised.&nbsp;You can play around with some of the other options as well. (Note that previewing a single question will always show you the original order.)","DataExportTag":"Q5","QuestionType":"MC","Selector":"SAVR","SubSelector":"TX","Configuration":{"QuestionDescriptionOption":"UseText"},"QuestionDescription":"If you're making a forced-choice task, you probably want to randomise the order of your choices....","Choices":{"1":{"Display":"Choice 1"},"2":{"Display":"Choice 2"},"3":{"Display":"Choice 3"}},"ChoiceOrder":[1,2,3],"Validation":{"Settings":{"ForceResponse":"OFF","Type":"None"}},"Language":[],"NextChoiceId":4,"NextAnswerId":1,"QuestionID":"QID5","Randomization":{"Advanced":null,"Type":"All","TotalRandSubset":""}}},{"SurveyID":"SV_3BLhpFtXpdWbJt4","Element":"SQ","PrimaryAttribute":"QID14","SecondaryAttribute":"In many experiments, we may want to screen participants who are ineligible to participant, for ex...","TertiaryAttribute":null,"Payload":{"QuestionText":"In many experiments, we may want to screen participants who are ineligible to participant, for example if they do not speak the language in question, or cannot perceive certain phonological contrasts that are essential for the experiment, or have working headphones.<div><br><\/div><div>For example, let's say the participant hears the following audio and has to determine how many syllabes there are. If they get it wrong, i.e. answer something other than two, the experiment will terminate. In this case, you can use a skip logic.<\/div><div><br><\/div><div>On the left panel, click on 'Skip logic', and tinker with the settings so that the experiment skips to the end if the user does not answer '2'.<br><div>&nbsp;<\/div>\n\n<div>\n<audio width=\"320\" preload=\"auto\" height=\"40\" controls=\"true\" class=\"qmedia\"><source type=\"audio\/mp3\" src=\"https:\/\/ucsb.co1.qualtrics.com\/CP\/File.php?F=F_01kID4DCbQEqZJH\"><\/audio>\n<\/div><\/div>","DataExportTag":"Q14","QuestionType":"MC","Selector":"SAVR","SubSelector":"TX","Configuration":{"QuestionDescriptionOption":"UseText"},"QuestionDescription":"In many experiments, we may want to screen participants who are ineligible to participant, for ex...","Choices":{"1":{"Display":"1"},"2":{"Display":"2"},"3":{"Display":"3"}},"ChoiceOrder":["1","2","3"],"Validation":{"Settings":{"ForceResponse":"OFF","Type":"None"}},"Language":[],"NextChoiceId":4,"NextAnswerId":1,"QuestionID":"QID14"}},{"SurveyID":"SV_3BLhpFtXpdWbJt4","Element":"SQ","PrimaryAttribute":"QID2","SecondaryAttribute":"In Qualtrics, each 'question' corresponds to one experimental trial. Let's try to make a simple f...","TertiaryAttribute":null,"Payload":{"QuestionText":"In Qualtrics, each 'question' corresponds to one experimental trial.<div><br><\/div><div>Let's try to make a simple forced-choice task.<\/div><div><br><\/div><div>'Once upon a time, there were three little pigs. The first little pig built a house of straw. One day, the big bad wolf came along.'<\/div><div><br><\/div><div>Among the following sentences, which is the most natural continuation?<\/div>","DataExportTag":"Q2","QuestionType":"MC","Selector":"SAVR","SubSelector":"TX","Configuration":{"QuestionDescriptionOption":"UseText"},"QuestionDescription":"In Qualtrics, each 'question' corresponds to one experimental trial. Let's try to make a simple f...","Choices":{"1":{"Display":"The house of straw was destroyed by the big bad wolf."},"2":{"Display":"The big bad wolf destroyed the house of straw."}},"ChoiceOrder":[1,2],"Validation":{"Settings":{"ForceResponse":"OFF","Type":"None"}},"Language":[],"NextChoiceId":3,"NextAnswerId":1,"QuestionID":"QID2"}},{"SurveyID":"SV_3BLhpFtXpdWbJt4","Element":"SQ","PrimaryAttribute":"QID7","SecondaryAttribute":"In Qualtrics, questions are arranged into 'blocks', which you can consider analogous to blocks in...","TertiaryAttribute":null,"Payload":{"QuestionText":"In Qualtrics, questions are arranged into 'blocks', which you can consider analogous to blocks in experiments. Try to scroll up to the top of this block and press 'Preview block.' What do you see?<div><br><\/div><div>You may notice that the trials are all presented on the same page. Ordinarily, this is not what we want to see! To change this, press the paintbrush button on the leftmost bar, and click 'General'. Set the number of questions per page to '1', then press 'Apply' and try previewing the block again.<\/div>","DefaultChoices":false,"DataExportTag":"Q7","QuestionID":"QID7","QuestionType":"DB","Selector":"TB","DataVisibility":{"Private":false,"Hidden":false},"Configuration":{"QuestionDescriptionOption":"UseText"},"QuestionDescription":"In Qualtrics, questions are arranged into 'blocks', which you can consider analogous to blocks in...","ChoiceOrder":[],"Validation":{"Settings":{"Type":"None"}},"GradingData":[],"Language":[],"NextChoiceId":4,"NextAnswerId":1}},{"SurveyID":"SV_3BLhpFtXpdWbJt4","Element":"SQ","PrimaryAttribute":"QID9","SecondaryAttribute":"Let's try to set up a screening task that's a little more complicated and consists of multiple qu...","TertiaryAttribute":null,"Payload":{"QuestionText":"<h4><span style=\"font-size: revert;\">Let's try to set up a screening task that's a little more complicated and consists of multiple questions.<\/span><\/h4><h4><br><\/h4><h4>Which of the following is correct in mainstream American English?<\/h4><div><br><\/div><div>I wanted to ___ to school.<\/div>","DefaultChoices":false,"DataExportTag":"Q9","QuestionType":"MC","Selector":"SAVR","SubSelector":"TX","Configuration":{"QuestionDescriptionOption":"UseText"},"QuestionDescription":"Let's try to set up a screening task that's a little more complicated and consists of multiple qu...","Choices":{"1":{"Display":"go"},"2":{"Display":"went"},"3":{"Display":"going"}},"ChoiceOrder":["1","2","3"],"Validation":{"Settings":{"ForceResponse":"OFF","Type":"None"}},"GradingData":[{"ChoiceID":"1","Grades":{"SC_86V1ywexukv2IFE":"1"},"index":0},{"ChoiceID":"2","Grades":{"SC_86V1ywexukv2IFE":"0"},"index":1},{"ChoiceID":"3","Grades":{"SC_86V1ywexukv2IFE":"0"},"index":2}],"Language":[],"NextChoiceId":4,"NextAnswerId":1,"QuestionID":"QID9","Randomization":{"Advanced":null,"TotalRandSubset":"","Type":"All"},"DataVisibility":{"Private":false,"Hidden":false}}},{"SurveyID":"SV_3BLhpFtXpdWbJt4","Element":"SQ","PrimaryAttribute":"QID15","SecondaryAttribute":"Now let's take a closer look at blocks, randomisation and timing! This section contains four tria...","TertiaryAttribute":null,"Payload":{"QuestionText":"Now let's take a closer look at blocks, randomisation and timing! This section contains four trials, but eight questions. This is because it has the additional element of timing. Timing 'questions' record the amount of time that a user spent on a page. So for each trial, you'll need one timing question. to accompany it.<div><br><\/div><div>Click on the top of this block, then select Question randomization. Select Advanced Randomization, and then move the three maths questions to the Randomisze Questions area. Finally, set the number of questions per page to 2.<\/div><div><br><\/div><div>When you analyse the questions, you will need to know the order of presentation of these questions in order to figure out which timing question corresponds to which questions. This is one of my least favourite things about Qualtrics, but we have to get around it!<\/div><div><br><\/div><div>After you're done with tinkering with randomisation and timing, preview the block and see how it works!<\/div>","DefaultChoices":false,"DataExportTag":"Maths-instruct","QuestionType":"DB","Selector":"TB","Configuration":{"QuestionDescriptionOption":"UseText"},"QuestionDescription":"Now let's take a closer look at blocks, randomisation and timing! This section contains four tria...","ChoiceOrder":[],"Validation":{"Settings":{"Type":"None"}},"GradingData":[],"Language":[],"NextChoiceId":4,"NextAnswerId":1,"QuestionID":"QID15"}},{"SurveyID":"SV_3BLhpFtXpdWbJt4","Element":"SQ","PrimaryAttribute":"QID33","SecondaryAttribute":"Now let's take a look at survey flow again, after we talked about the screening task. Let's say t...","TertiaryAttribute":null,"Payload":{"QuestionText":"Now let's take a look at survey flow again, after we talked about the screening task. Let's say that, of the two maths blocks, we only want the user to see one of them by random.<div><br><\/div><div>Go to survey flow, then add a Randomizer element. Move the two maths blocks to below the Randomizer element, and set the element to display only one of them. This allows us to choose between two different blocks by random.<div><br><\/div><\/div>","DefaultChoices":false,"DataExportTag":"Q33","QuestionType":"DB","Selector":"TB","Configuration":{"QuestionDescriptionOption":"UseText"},"QuestionDescription":"Now let's take a look at survey flow again, after we talked about the screening task. Let's say t...","ChoiceOrder":[],"Validation":{"Settings":{"Type":"None"}},"GradingData":[],"Language":[],"NextChoiceId":4,"NextAnswerId":1,"QuestionID":"QID33","DataVisibility":{"Private":false,"Hidden":false}}},{"SurveyID":"SV_3BLhpFtXpdWbJt4","Element":"SQ","PrimaryAttribute":"QID37","SecondaryAttribute":"Now let's talk about conditioning! Let's say we want some participants to be assigned to one cond...","TertiaryAttribute":null,"Payload":{"QuestionText":"Now let's talk about conditioning! Let's say we want some participants to be assigned to one condition, and other participants to be assigned to another. There are a few ways we can do this.<div><br><\/div><div>First, we can randomise within Qualtrics. This is easy and Qualtrics can also make sure the distribution is random. However, this doesn't always work. For example, let's say you have four conditions A, B, C and D. You have a block where half the questions' form depend on whether the condition is A\/B or C\/D, and the other half depends on whether the condition is A\/C or B\/D. Or let's say you want to be assign the participants to the conditions manually, before they open Qualtrics, for whatever reason.<\/div><div><br><\/div><div>This is one case where embedded data can help (again). This time, though, our embedded data doesn't come from the survey itself, but from the URL of the survey. We can put a query string at the end of a Qualtrics survey URL in order to define the condition. Then we can add skip logic according to the condition.<\/div><div><br><\/div><div>Let's try this! Go to survey flow, and add a branching condition. Set the condition to whether embedded data with name 'cond' is equal to A. Then tuck the L&amp;M Block 1 under this branch. Repeat the process but with 'cond' = B and tuck the L&amp;M Block 2 under this branch. Then go back to the embedded element line, and add an embedded element called 'cond'.<\/div><div><br><\/div><div>Now when we publish the survey, the URL should look something like this:<\/div><div><br><\/div><div>https:\/\/ucsb.co1.qualtrics.com\/jfe\/form\/[survey ID here]?cond=A<\/div><div>or<\/div><div>https:\/\/ucsb.co1.qualtrics.com\/jfe\/form\/[survey ID here]?cond=B<\/div><div>.<\/div>","DefaultChoices":false,"DataExportTag":"Q37","QuestionType":"DB","Selector":"TB","Configuration":{"QuestionDescriptionOption":"UseText"},"QuestionDescription":"Now let's talk about conditioning! Let's say we want some participants to be assigned to one cond...","ChoiceOrder":[],"Validation":{"Settings":{"Type":"None"}},"GradingData":[],"Language":[],"NextChoiceId":4,"NextAnswerId":1,"QuestionID":"QID37","DataVisibility":{"Private":false,"Hidden":false}}},{"SurveyID":"SV_3BLhpFtXpdWbJt4","Element":"SQ","PrimaryAttribute":"QID38","SecondaryAttribute":"Now let's talk about MTurk integration! Go to Distributions Anonymous link, and get a link for th...","TertiaryAttribute":null,"Payload":{"QuestionText":"Now let's talk about MTurk integration!<div><br><\/div><div>Go to Distributions &gt; Anonymous link, and get a link for the survey. The URL should look like this:<\/div><div><br><\/div><div>https:\/\/ucsb.co1.qualtrics.com\/jfe\/form\/SV_3BLhpFtXpdWbJt4<br><\/div><div><br><\/div><div>Manually append ?cond=A or ?cond=B to the URL. Then paste this onto your MTurk HIT.<\/div>","DefaultChoices":false,"DataExportTag":"Q38","QuestionType":"DB","Selector":"TB","Configuration":{"QuestionDescriptionOption":"UseText"},"QuestionDescription":"Now let's talk about MTurk integration! Go to Distributions Anonymous link, and get a link for th...","ChoiceOrder":[],"Validation":{"Settings":{"Type":"None"}},"GradingData":[],"Language":[],"NextChoiceId":4,"NextAnswerId":1,"QuestionID":"QID38","DataVisibility":{"Private":false,"Hidden":false}}},{"SurveyID":"SV_3BLhpFtXpdWbJt4","Element":"SQ","PrimaryAttribute":"QID36","SecondaryAttribute":"Now let's try to add some media! \u00a0 Here are five different pictures, and let's aim to present the..","TertiaryAttribute":null,"Payload":{"QuestionText":"Now let&#39;s try to add some media!\n<div>&nbsp;<\/div>\n\n<div>Here are five different pictures, and let&#39;s aim to present them to the participant as a picture description task.\n<div>&nbsp;<\/div>\n\n<ul>\n\t<li>https:\/\/ucsb.co1.qualtrics.com\/ControlPanel\/Graphic.php?IM=IM_6xrkp6MLR7q73DL<\/li>\n\t<li>https:\/\/ucsb.co1.qualtrics.com\/ControlPanel\/Graphic.php?IM=IM_exncJBMPfRYo3OJ<\/li>\n\t<li>https:\/\/ucsb.co1.qualtrics.com\/ControlPanel\/Graphic.php?IM=IM_8Bpw3vF3D25C1s9<\/li>\n\t<li>https:\/\/ucsb.co1.qualtrics.com\/ControlPanel\/Graphic.php?IM=IM_4IowcJZAk3iQW7X<\/li>\n\t<li>https:\/\/ucsb.co1.qualtrics.com\/ControlPanel\/Graphic.php?IM=IM_1FdOD3gUO8eOZtH<\/li>\n<\/ul>\n\n<div>Can you use the Loop &amp; Merge feature so that all four of the five pictures are presented? (Hint: the&nbsp;IM_8Bpw3vF3D25C1s9&nbsp;part should be represented by piped text.)<br \/>\n<br \/>\n[Note: The ?IM=(value) syntax here is called a <i>query string<\/i>, and we will deal with query strings again shortly.]<br \/>\n&nbsp;\n<div>&nbsp;Describe the following picture:<br \/>\n<img src=\"https:\/\/ucsb.co1.qualtrics.com\/CP\/Graphic.php?IM=IM_aW47lX74S7r65Eh\" style=\"width: 960px; height: 720px;\" \/><\/div>\n<\/div>\n<\/div>","DefaultChoices":false,"DataExportTag":"Q36","QuestionID":"QID36","QuestionType":"TE","Selector":"SL","DataVisibility":{"Private":false,"Hidden":false},"Configuration":{"QuestionDescriptionOption":"UseText"},"QuestionDescription":"Now let's try to add some media! \u00a0 Here are five different pictures, and let's aim to present the...","Validation":{"Settings":{"ForceResponse":"OFF","Type":"None"}},"GradingData":[],"Language":[],"NextChoiceId":3,"NextAnswerId":1,"SearchSource":{"AllowFreeResponse":"false"}}},{"SurveyID":"SV_3BLhpFtXpdWbJt4","Element":"SQ","PrimaryAttribute":"QID12","SecondaryAttribute":"Now that the screening task is over, we need to set up Qualtrics so that only people who answered...","TertiaryAttribute":null,"Payload":{"QuestionText":"<h4>Now that the screening task is over, we need to set up Qualtrics so that only people who answered at least two of the three questions correctly are allowed to proceed.<\/h4><div><br><\/div><div>One way of doing this is through scoring. Firstly, go to Survey Options &gt; Scoring and assign scores to each of the responses in the questions above.<\/div><div><br><\/div><div>Next, go to Survey flow, the second button on the leftmost panel. Add an embedded data element below this block. Name the embedded data 'score', and set the value to the piped text that corresponds to the score you just set. (A piped text is a small piece of code that can pull information from various sources - including the survey itself - and change the survey behaviour accordingly. We will use more examples of piped text very soon.)<\/div><div><br><\/div><div>Finally, add a branch logic to the Survey flow. Set the condition to score &lt; 2, and add an End of survey element below the branch.<\/div><div><br><\/div><div>The survey should now end prematurely after this block if the user scores too low on the screening task.<\/div><div><br><\/div>","DefaultChoices":false,"DataExportTag":"Q12","QuestionID":"QID12","QuestionType":"DB","Selector":"TB","Configuration":{"QuestionDescriptionOption":"UseText"},"QuestionDescription":"Now that the screening task is over, we need to set up Qualtrics so that only people who answered...","ChoiceOrder":[],"Validation":{"Settings":{"Type":"None"}},"GradingData":[],"Language":[],"NextChoiceId":4,"NextAnswerId":1,"DataVisibility":{"Private":false,"Hidden":false}}},{"SurveyID":"SV_3BLhpFtXpdWbJt4","Element":"SQ","PrimaryAttribute":"QID34","SecondaryAttribute":"Right now, we only have up to four questions in a block, which is quite manageable. But if we hav...","TertiaryAttribute":null,"Payload":{"QuestionText":"Right now, we only have up to four questions in a block, which is quite manageable. But if we have 100 trials, we will end up doing a lot of copy-pasting, which is repetitive. And if we have to implement a change that affects all trials, we will have to paste the result 99 times!<div><br><\/div><div>Fortunately, there is a way around this. In the next block, we will introduce a feature called Loop and Merge that allows us only represent the question once.<\/div><div><br><\/div>","DefaultChoices":false,"DataExportTag":"Q34","QuestionType":"DB","Selector":"TB","Configuration":{"QuestionDescriptionOption":"UseText"},"QuestionDescription":"Right now, we only have up to four questions in a block, which is quite manageable. But if we hav...","ChoiceOrder":[],"Validation":{"Settings":{"Type":"None"}},"GradingData":[],"Language":[],"NextChoiceId":4,"NextAnswerId":1,"QuestionID":"QID34"}},{"SurveyID":"SV_3BLhpFtXpdWbJt4","Element":"SQ","PrimaryAttribute":"QID41","SecondaryAttribute":"That's it! Have fun using Qualtrics and discovering more features!","TertiaryAttribute":null,"Payload":{"QuestionText":"That's it! Have fun using Qualtrics and discovering more features!","DefaultChoices":false,"DataExportTag":"Q41","QuestionType":"DB","Selector":"TB","Configuration":{"QuestionDescriptionOption":"UseText"},"QuestionDescription":"That's it! Have fun using Qualtrics and discovering more features!","ChoiceOrder":[],"Validation":{"Settings":{"Type":"None"}},"GradingData":[],"Language":[],"NextChoiceId":4,"NextAnswerId":1,"QuestionID":"QID41"}},{"SurveyID":"SV_3BLhpFtXpdWbJt4","Element":"SQ","PrimaryAttribute":"QID11","SecondaryAttribute":"There are three ___ in the sink.","TertiaryAttribute":null,"Payload":{"QuestionText":"<h4>There are three ___ in the sink.<\/h4>","DataExportTag":"Q11","QuestionType":"MC","Selector":"SAVR","SubSelector":"TX","Configuration":{"QuestionDescriptionOption":"UseText"},"QuestionDescription":"There are three ___ in the sink.","Choices":{"1":{"Display":"apples"},"2":{"Display":"apple"}},"ChoiceOrder":[1,2],"Validation":{"Settings":{"ForceResponse":"OFF","Type":"None"}},"Language":[],"NextChoiceId":3,"NextAnswerId":1,"QuestionID":"QID11","DataVisibility":{"Private":false,"Hidden":false},"GradingData":[{"ChoiceID":"1","Grades":{"SC_86V1ywexukv2IFE":"1"},"index":0},{"ChoiceID":"2","Grades":{"SC_86V1ywexukv2IFE":"0"},"index":1}]}},{"SurveyID":"SV_3BLhpFtXpdWbJt4","Element":"SQ","PrimaryAttribute":"QID25","SecondaryAttribute":"This block is very similar to the previous one. But there is one big difference: There is one les...","TertiaryAttribute":null,"Payload":{"QuestionText":"This block is very similar to the previous one. But there is one big difference: There is one less timing question than the last one.<div><br><\/div><div>Instead of displaying all three maths questions, we will just display two of them. You can do this by moving the maths questions to the Random subset section, and setting the number of questions to 2.<\/div><div><br><\/div><div>Once you're done tinkering with this question, preview it again!<\/div>","DefaultChoices":false,"QuestionType":"DB","Selector":"TB","Configuration":{"QuestionDescriptionOption":"UseText"},"QuestionDescription":"This block is very similar to the previous one. But there is one big difference: There is one les...","ChoiceOrder":[],"Validation":{"Settings":{"Type":"None"}},"GradingData":[],"Language":[],"NextChoiceId":4,"NextAnswerId":1,"QuestionText_Unsafe":"Now let's take a closer look at blocks, randomisation and timing! This section contains four trials, but eight questions. This is because it has the additional element of timing. Timing 'questions' record the amount of time that a user spent on a page. So for each trial, you'll need one timing question. to accompany it.<div><br><\/div><div>Click on the top of this block, then select Question randomization. Select Advanced Randomization, and then move the three maths questions to the Randomisze Questions area. Finally, set the number of questions per page to 2.<\/div><div><br><\/div><div>When you analyse the questions, you will need to know the order of presentation of these questions in order to figure out which timing question corresponds to which questions. This is one of my least favourite things about Qualtrics, but we have to get around it!<\/div><div><br><\/div><div>After you're done with tinkering with randomisation and timing, preview the block and see how it works!<\/div>","DataExportTag":"Q25","QuestionID":"QID25","DataVisibility":{"Private":false,"Hidden":false}}},{"SurveyID":"SV_3BLhpFtXpdWbJt4","Element":"SQ","PrimaryAttribute":"QID18","SecondaryAttribute":"Timing","TertiaryAttribute":null,"Payload":{"QuestionText":"Timing","DefaultChoices":false,"DataExportTag":"Maths-instruct-time","QuestionID":"QID18","QuestionType":"Timing","Selector":"PageTimer","Configuration":{"QuestionDescriptionOption":"UseText","MinSeconds":"0","MaxSeconds":"0"},"QuestionDescription":"Timing","Choices":{"1":{"Display":"First Click"},"2":{"Display":"Last Click"},"3":{"Display":"Page Submit"},"4":{"Display":"Click Count"}},"GradingData":[],"Language":[],"NextChoiceId":32,"NextAnswerId":1}},{"SurveyID":"SV_3BLhpFtXpdWbJt4","Element":"SQ","PrimaryAttribute":"QID21","SecondaryAttribute":"Timing","TertiaryAttribute":null,"Payload":{"QuestionText":"Timing","DefaultChoices":false,"DataExportTag":"Maths-time-1","QuestionType":"Timing","Selector":"PageTimer","DataVisibility":{"Private":false,"Hidden":false},"Configuration":{"QuestionDescriptionOption":"UseText","MinSeconds":"0","MaxSeconds":"0"},"QuestionDescription":"Timing","Choices":{"1":{"Display":"First Click"},"2":{"Display":"Last Click"},"3":{"Display":"Page Submit"},"4":{"Display":"Click Count"}},"GradingData":[],"Language":[],"NextChoiceId":20,"NextAnswerId":1,"QuestionID":"QID21"}},{"SurveyID":"SV_3BLhpFtXpdWbJt4","Element":"SQ","PrimaryAttribute":"QID22","SecondaryAttribute":"Timing","TertiaryAttribute":null,"Payload":{"QuestionText":"Timing","DefaultChoices":false,"DataExportTag":"Maths-time-2","QuestionType":"Timing","Selector":"PageTimer","DataVisibility":{"Private":false,"Hidden":false},"Configuration":{"QuestionDescriptionOption":"UseText","MinSeconds":"0","MaxSeconds":"0"},"QuestionDescription":"Timing","Choices":{"1":{"Display":"First Click"},"2":{"Display":"Last Click"},"3":{"Display":"Page Submit"},"4":{"Display":"Click Count"}},"GradingData":[],"Language":[],"NextChoiceId":20,"NextAnswerId":1,"QuestionID":"QID22"}},{"SurveyID":"SV_3BLhpFtXpdWbJt4","Element":"SQ","PrimaryAttribute":"QID24","SecondaryAttribute":"Timing","TertiaryAttribute":null,"Payload":{"QuestionText":"Timing","DefaultChoices":false,"DataExportTag":"Maths-time-2","QuestionType":"Timing","Selector":"PageTimer","DataVisibility":{"Private":false,"Hidden":false},"Configuration":{"QuestionDescriptionOption":"UseText","MinSeconds":"0","MaxSeconds":"0"},"QuestionDescription":"Timing","Choices":{"1":{"Display":"First Click"},"2":{"Display":"Last Click"},"3":{"Display":"Page Submit"},"4":{"Display":"Click Count"}},"GradingData":[],"Language":[],"NextChoiceId":20,"NextAnswerId":1,"QuestionID":"QID24"}},{"SurveyID":"SV_3BLhpFtXpdWbJt4","Element":"SQ","PrimaryAttribute":"QID26","SecondaryAttribute":"Timing","TertiaryAttribute":null,"Payload":{"QuestionText":"Timing","DefaultChoices":false,"QuestionType":"Timing","Selector":"PageTimer","Configuration":{"QuestionDescriptionOption":"UseText","MinSeconds":"0","MaxSeconds":"0"},"QuestionDescription":"Timing","Choices":{"1":{"Display":"First Click"},"2":{"Display":"Last Click"},"3":{"Display":"Page Submit"},"4":{"Display":"Click Count"}},"GradingData":[],"Language":[],"NextChoiceId":32,"NextAnswerId":1,"QuestionText_Unsafe":"Timing","DataExportTag":"Q26","QuestionID":"QID26"}},{"SurveyID":"SV_3BLhpFtXpdWbJt4","Element":"SQ","PrimaryAttribute":"QID28","SecondaryAttribute":"Timing","TertiaryAttribute":null,"Payload":{"QuestionText":"Timing","DefaultChoices":false,"QuestionType":"Timing","Selector":"PageTimer","DataVisibility":{"Private":false,"Hidden":false},"Configuration":{"QuestionDescriptionOption":"UseText","MinSeconds":"0","MaxSeconds":"0"},"QuestionDescription":"Timing","Choices":{"1":{"Display":"First Click"},"2":{"Display":"Last Click"},"3":{"Display":"Page Submit"},"4":{"Display":"Click Count"}},"GradingData":[],"Language":[],"NextChoiceId":20,"NextAnswerId":1,"QuestionText_Unsafe":"Timing","DataExportTag":"Q28","QuestionID":"QID28"}},{"SurveyID":"SV_3BLhpFtXpdWbJt4","Element":"SQ","PrimaryAttribute":"QID30","SecondaryAttribute":"Timing","TertiaryAttribute":null,"Payload":{"QuestionText":"Timing","DefaultChoices":false,"QuestionType":"Timing","Selector":"PageTimer","DataVisibility":{"Private":false,"Hidden":false},"Configuration":{"QuestionDescriptionOption":"UseText","MinSeconds":"0","MaxSeconds":"0"},"QuestionDescription":"Timing","Choices":{"1":{"Display":"First Click"},"2":{"Display":"Last Click"},"3":{"Display":"Page Submit"},"4":{"Display":"Click Count"}},"GradingData":[],"Language":[],"NextChoiceId":20,"NextAnswerId":1,"QuestionText_Unsafe":"Timing","DataExportTag":"Q30","QuestionID":"QID30"}},{"SurveyID":"SV_3BLhpFtXpdWbJt4","Element":"SQ","PrimaryAttribute":"QID31","SecondaryAttribute":"Timing","TertiaryAttribute":null,"Payload":{"QuestionText":"Timing","DefaultChoices":false,"QuestionType":"Timing","Selector":"PageTimer","DataVisibility":{"Private":false,"Hidden":false},"Configuration":{"QuestionDescriptionOption":"UseText","MinSeconds":"0","MaxSeconds":"0"},"QuestionDescription":"Timing","Choices":{"1":{"Display":"First Click"},"2":{"Display":"Last Click"},"3":{"Display":"Page Submit"},"4":{"Display":"Click Count"}},"GradingData":[],"Language":[],"NextChoiceId":20,"NextAnswerId":1,"QuestionText_Unsafe":"Timing","DataExportTag":"Q31","QuestionID":"QID31"}},{"SurveyID":"SV_3BLhpFtXpdWbJt4","Element":"SQ","PrimaryAttribute":"QID39","SecondaryAttribute":"To be sure that Turkers have completed your experiment, you need to give then a random code which...","TertiaryAttribute":null,"Payload":{"QuestionText":"To be sure that Turkers have completed your experiment, you need to give then a random code which they can then copy back into MTurk.<div><br><\/div><div>Go back to survey flow, and piece of embedded data with the name 'mturkID'. Then set the value to a random integer from 0 to some really large number like 999999999.<\/div><div><br><\/div><div>Now, scroll down to the bottom of this page to see the 'End of Survey'. Click on it, and select a custom end-of-survey message. Make the message something like this:<\/div><div>'Thank you for completing the experiment! Here is the code you need to copy back into MTurk to ensure that you can receive payment:&nbsp;${e:\/\/Field\/mturkID}.'<\/div><div><br><\/div><div><br><\/div>","DefaultChoices":false,"DataExportTag":"Q39","QuestionType":"DB","Selector":"TB","DataVisibility":{"Private":false,"Hidden":false},"Configuration":{"QuestionDescriptionOption":"UseText"},"QuestionDescription":"To be sure that Turkers have completed your experiment, you need to give then a random code which...","ChoiceOrder":[],"Validation":{"Settings":{"Type":"None"}},"GradingData":[],"Language":[],"NextChoiceId":4,"NextAnswerId":1,"QuestionID":"QID39"}},{"SurveyID":"SV_3BLhpFtXpdWbJt4","Element":"SQ","PrimaryAttribute":"QID35","SecondaryAttribute":"Welcome to the Loop & Merge question! Here, we will look at piped text again. Firstly, click on t...","TertiaryAttribute":null,"Payload":{"QuestionText":"<div>Welcome to the Loop &amp; Merge question! Here, we will look at piped text again.<\/div><div><br><\/div><div>Firstly, click on this block. On the left, select Loop &amp; Merge, and add an extra field so that there are three fields. Populate the table with noun phrases. The first and third column should be humans, and the second column should be objects.<\/div><div><br><\/div><div>Now, see the Piped Text tab above this text box when it's in focus? Click on it, and then mouse over Loop and Merge. Replace (person 1), (object) and (person 2) in the sentence below with the appropriate piped text.<\/div><div><br><\/div><div>Note that previewing only this block doesn't work. So go ahead to the top right corner and preview the whole experiment up to this point. (You might want to preview after you've done the next block too, so that you don't have to repeat the first half of this tutorial when previewing. Alternatively, you might want to play around with survey flow so that you skip the questions before this block, for example by adding a question at the beginning with a choice with skip logic that skips all the questions before this block.)<\/div><div><br><\/div>${lm:\/\/Field\/1} saw ${lm:\/\/Field\/2} and gave it to ${lm:\/\/Field\/3}.","DefaultChoices":false,"DataExportTag":"Q35","QuestionType":"MC","Selector":"SAVR","SubSelector":"TX","Configuration":{"QuestionDescriptionOption":"UseText"},"QuestionDescription":"Welcome to the Loop & Merge question! Here, we will look at piped text again. Firstly, click on t...","Choices":{"1":{"Display":"Natural"},"2":{"Display":"Unnatural"}},"ChoiceOrder":[1,2],"Validation":{"Settings":{"ForceResponse":"OFF","Type":"None"}},"GradingData":[],"Language":[],"NextChoiceId":3,"NextAnswerId":1,"QuestionID":"QID35","DataVisibility":{"Private":false,"Hidden":false}}},{"SurveyID":"SV_3BLhpFtXpdWbJt4","Element":"SQ","PrimaryAttribute":"QID4","SecondaryAttribute":"Were you wondering how Q1 didn't have any input? That's because the 'Text \u0f0fGraphics' question typ.","TertiaryAttribute":null,"Payload":{"QuestionText":"<h4>Were you wondering how Q1 didn't have any input? That's because the 'Text \u0f0fGraphics' question type was chosen.<br><\/h4><div><br><\/div><div>Now it's your turn! Play around with the various question types. The 'Text \/ Graphics' question type is also set for this question initially, but you can change this question to some other question type to test it out. When you're done, click on the three dots on the right, and select 'Preview question' to test it out!<\/div>","DefaultChoices":false,"DataExportTag":"Q4","QuestionID":"QID4","QuestionType":"DB","Selector":"TB","Configuration":{"QuestionDescriptionOption":"UseText"},"QuestionDescription":"Were you wondering how Q1 didn't have any input? That's because the 'Text \u0f0fGraphics' question typ...","ChoiceOrder":[],"Validation":{"Settings":{"Type":"None"}},"GradingData":[],"Language":[],"NextChoiceId":4,"NextAnswerId":1}},{"SurveyID":"SV_3BLhpFtXpdWbJt4","Element":"SQ","PrimaryAttribute":"QID10","SecondaryAttribute":"Which of the following is correct in mainstream American English? I like ___ ice-cream.","TertiaryAttribute":null,"Payload":{"QuestionText":"Which of the following is correct in mainstream American English?<div><br><\/div><div>I like ___ ice-cream.<\/div>","DataExportTag":"Q10","QuestionType":"MC","Selector":"MAVR","SubSelector":"TX","Configuration":{"QuestionDescriptionOption":"UseText"},"QuestionDescription":"Which of the following is correct in mainstream American English? I like ___ ice-cream.","Choices":{"1":{"Display":"eating"},"2":{"Display":"to eat"},"3":{"Display":"eat"}},"ChoiceOrder":[1,2,3],"Validation":{"Settings":{"ForceResponse":"OFF","Type":"None"}},"Language":[],"NextChoiceId":4,"NextAnswerId":1,"QuestionID":"QID10","DefaultChoices":false,"GradingData":[{"ChoiceID":"1","Grades":{"SC_86V1ywexukv2IFE":"0.5"},"index":0},{"ChoiceID":"2","Grades":{"SC_86V1ywexukv2IFE":"0.5"},"index":1},{"ChoiceID":"3","Grades":{"SC_86V1ywexukv2IFE":"0"},"index":2}],"Randomization":{"Advanced":null,"TotalRandSubset":"","Type":"All"},"DataVisibility":{"Private":false,"Hidden":false}}},{"SurveyID":"SV_3BLhpFtXpdWbJt4","Element":"SQ","PrimaryAttribute":"QID13","SecondaryAttribute":"You can of course add multimedia elements to Qualtrics! One way of doing this using the GUI is to...","TertiaryAttribute":null,"Payload":{"QuestionText":"<h4>You can of course add multimedia elements to Qualtrics! One way of doing this using the GUI is to go to Rich Content Editor and click on the Insert Media button. You can then link to an external website's media, or use&nbsp;something that you've uploaded to your Qualtrics media library. Try doing this by hotlinking to some media on the Internet now!<\/h4>\n<img src=\"https:\/\/ucsb.co1.qualtrics.com\/CP\/Graphic.php?IM=IM_aW47lX74S7r65Eh\" style=\"width: 960px; height: 720px;\"><br>\n<br>\n<audio class=\"qmedia\" controls=\"true\" height=\"40\" preload=\"auto\" width=\"320\"><source src=\"https:\/\/ucsb.co1.qualtrics.com\/CP\/File.php?F=F_ddvjL8ynja1OIMB\" type=\"audio\/mp3\"><\/audio>\n\n<div>&nbsp;<\/div>","DataExportTag":"Q13","QuestionType":"MC","Selector":"SAVR","SubSelector":"TX","Configuration":{"QuestionDescriptionOption":"UseText"},"QuestionDescription":"You can of course add multimedia elements to Qualtrics! One way of doing this using the GUI is to...","Choices":{"1":{"Display":"Click to write Choice 1"},"2":{"Display":"Click to write Choice 2"},"3":{"Display":"Click to write Choice 3"}},"ChoiceOrder":["1","2","3"],"Validation":{"Settings":{"ForceResponse":"OFF","Type":"None"}},"Language":[],"NextChoiceId":4,"NextAnswerId":1,"QuestionID":"QID13"}}]}